// !$*UTF8*$!
{
	archiveVersion = 1;
	classes = {
	};
	objectVersion = 50;
	objects = {

/* Begin PBXBuildFile section */
		296B09C62525D0C00079DD3B /* ReminderApp.swift in Sources */ = {isa = PBXBuildFile; fileRef = 296B09C52525D0C00079DD3B /* ReminderApp.swift */; };
		296B09C82525D0C00079DD3B /* ContentView.swift in Sources */ = {isa = PBXBuildFile; fileRef = 296B09C72525D0C00079DD3B /* ContentView.swift */; };
		296B09CA2525D0C20079DD3B /* Assets.xcassets in Resources */ = {isa = PBXBuildFile; fileRef = 296B09C92525D0C20079DD3B /* Assets.xcassets */; };
		296B09CD2525D0C20079DD3B /* Preview Assets.xcassets in Resources */ = {isa = PBXBuildFile; fileRef = 296B09CC2525D0C20079DD3B /* Preview Assets.xcassets */; };
		296B09D62525D1820079DD3B /* AlertShow.swift in Sources */ = {isa = PBXBuildFile; fileRef = 296B09D52525D1820079DD3B /* AlertShow.swift */; };
		296B09DF2525D2440079DD3B /* WidgetKit.framework in Frameworks */ = {isa = PBXBuildFile; fileRef = 296B09DE2525D2440079DD3B /* WidgetKit.framework */; };
		296B09E12525D2440079DD3B /* SwiftUI.framework in Frameworks */ = {isa = PBXBuildFile; fileRef = 296B09E02525D2440079DD3B /* SwiftUI.framework */; };
		296B09E42525D2440079DD3B /* ReminderWidget.swift in Sources */ = {isa = PBXBuildFile; fileRef = 296B09E32525D2440079DD3B /* ReminderWidget.swift */; };
		296B09E62525D2460079DD3B /* Assets.xcassets in Resources */ = {isa = PBXBuildFile; fileRef = 296B09E52525D2460079DD3B /* Assets.xcassets */; };
		296B09EA2525D2460079DD3B /* ReminderWidgetExtension.appex in Embed App Extensions */ = {isa = PBXBuildFile; fileRef = 296B09DC2525D2440079DD3B /* ReminderWidgetExtension.appex */; settings = {ATTRIBUTES = (RemoveHeadersOnCopy, ); }; };
		296B09F12525D3570079DD3B /* Assets.xcassets in Resources */ = {isa = PBXBuildFile; fileRef = 296B09C92525D0C20079DD3B /* Assets.xcassets */; };
		297FFA8125297E830022A0B0 /* DataModel.swift in Sources */ = {isa = PBXBuildFile; fileRef = 297FFA8025297E830022A0B0 /* DataModel.swift */; };
		297FFA8525297F320022A0B0 /* DataModel.swift in Sources */ = {isa = PBXBuildFile; fileRef = 297FFA8025297E830022A0B0 /* DataModel.swift */; };
		297FFAA22529D3590022A0B0 /* DataBaseFramework.framework in Frameworks */ = {isa = PBXBuildFile; fileRef = 297FFA9E2529D2F80022A0B0 /* DataBaseFramework.framework */; };
		297FFAA32529D3590022A0B0 /* DataBaseFramework.framework in Embed Frameworks */ = {isa = PBXBuildFile; fileRef = 297FFA9E2529D2F80022A0B0 /* DataBaseFramework.framework */; settings = {ATTRIBUTES = (CodeSignOnCopy, RemoveHeadersOnCopy, ); }; };
/* End PBXBuildFile section */

/* Begin PBXContainerItemProxy section */
		296B09E82525D2460079DD3B /* PBXContainerItemProxy */ = {
			isa = PBXContainerItemProxy;
			containerPortal = 296B09BA2525D0C00079DD3B /* Project object */;
			proxyType = 1;
			remoteGlobalIDString = 296B09DB2525D2440079DD3B;
			remoteInfo = ReminderWidgetExtension;
		};
/* End PBXContainerItemProxy section */

/* Begin PBXCopyFilesBuildPhase section */
		296B09EE2525D2460079DD3B /* Embed App Extensions */ = {
			isa = PBXCopyFilesBuildPhase;
			buildActionMask = 2147483647;
			dstPath = "";
			dstSubfolderSpec = 13;
			files = (
				296B09EA2525D2460079DD3B /* ReminderWidgetExtension.appex in Embed App Extensions */,
			);
			name = "Embed App Extensions";
			runOnlyForDeploymentPostprocessing = 0;
		};
		296B0A022525D7000079DD3B /* Embed Frameworks */ = {
			isa = PBXCopyFilesBuildPhase;
			buildActionMask = 2147483647;
			dstPath = "";
			dstSubfolderSpec = 10;
			files = (
				297FFAA32529D3590022A0B0 /* DataBaseFramework.framework in Embed Frameworks */,
			);
			name = "Embed Frameworks";
			runOnlyForDeploymentPostprocessing = 0;
		};
/* End PBXCopyFilesBuildPhase section */

/* Begin PBXFileReference section */
		296B09C22525D0C00079DD3B /* Reminder.app */ = {isa = PBXFileReference; explicitFileType = wrapper.application; includeInIndex = 0; path = Reminder.app; sourceTree = BUILT_PRODUCTS_DIR; };
		296B09C52525D0C00079DD3B /* ReminderApp.swift */ = {isa = PBXFileReference; lastKnownFileType = sourcecode.swift; path = ReminderApp.swift; sourceTree = "<group>"; };
		296B09C72525D0C00079DD3B /* ContentView.swift */ = {isa = PBXFileReference; lastKnownFileType = sourcecode.swift; path = ContentView.swift; sourceTree = "<group>"; };
		296B09C92525D0C20079DD3B /* Assets.xcassets */ = {isa = PBXFileReference; lastKnownFileType = folder.assetcatalog; path = Assets.xcassets; sourceTree = "<group>"; };
		296B09CC2525D0C20079DD3B /* Preview Assets.xcassets */ = {isa = PBXFileReference; lastKnownFileType = folder.assetcatalog; path = "Preview Assets.xcassets"; sourceTree = "<group>"; };
		296B09CE2525D0C20079DD3B /* Info.plist */ = {isa = PBXFileReference; lastKnownFileType = text.plist.xml; path = Info.plist; sourceTree = "<group>"; };
		296B09D52525D1820079DD3B /* AlertShow.swift */ = {isa = PBXFileReference; lastKnownFileType = sourcecode.swift; path = AlertShow.swift; sourceTree = "<group>"; };
		296B09DC2525D2440079DD3B /* ReminderWidgetExtension.appex */ = {isa = PBXFileReference; explicitFileType = "wrapper.app-extension"; includeInIndex = 0; path = ReminderWidgetExtension.appex; sourceTree = BUILT_PRODUCTS_DIR; };
		296B09DE2525D2440079DD3B /* WidgetKit.framework */ = {isa = PBXFileReference; lastKnownFileType = wrapper.framework; name = WidgetKit.framework; path = System/Library/Frameworks/WidgetKit.framework; sourceTree = SDKROOT; };
		296B09E02525D2440079DD3B /* SwiftUI.framework */ = {isa = PBXFileReference; lastKnownFileType = wrapper.framework; name = SwiftUI.framework; path = System/Library/Frameworks/SwiftUI.framework; sourceTree = SDKROOT; };
		296B09E32525D2440079DD3B /* ReminderWidget.swift */ = {isa = PBXFileReference; lastKnownFileType = sourcecode.swift; path = ReminderWidget.swift; sourceTree = "<group>"; };
		296B09E52525D2460079DD3B /* Assets.xcassets */ = {isa = PBXFileReference; lastKnownFileType = folder.assetcatalog; path = Assets.xcassets; sourceTree = "<group>"; };
		296B09E72525D2460079DD3B /* Info.plist */ = {isa = PBXFileReference; lastKnownFileType = text.plist.xml; path = Info.plist; sourceTree = "<group>"; };
		296B0A042525DB1E0079DD3B /* Reminder.entitlements */ = {isa = PBXFileReference; lastKnownFileType = text.plist.entitlements; path = Reminder.entitlements; sourceTree = "<group>"; };
		296B0A062525DB380079DD3B /* ReminderWidgetExtension.entitlements */ = {isa = PBXFileReference; lastKnownFileType = text.plist.entitlements; path = ReminderWidgetExtension.entitlements; sourceTree = "<group>"; };
		297FFA8025297E830022A0B0 /* DataModel.swift */ = {isa = PBXFileReference; lastKnownFileType = sourcecode.swift; path = DataModel.swift; sourceTree = "<group>"; };
		297FFA9E2529D2F80022A0B0 /* DataBaseFramework.framework */ = {isa = PBXFileReference; lastKnownFileType = wrapper.framework; path = DataBaseFramework.framework; sourceTree = "<group>"; };
/* End PBXFileReference section */

/* Begin PBXFrameworksBuildPhase section */
		296B09BF2525D0C00079DD3B /* Frameworks */ = {
			isa = PBXFrameworksBuildPhase;
			buildActionMask = 2147483647;
			files = (
				297FFAA22529D3590022A0B0 /* DataBaseFramework.framework in Frameworks */,
			);
			runOnlyForDeploymentPostprocessing = 0;
		};
		296B09D92525D2440079DD3B /* Frameworks */ = {
			isa = PBXFrameworksBuildPhase;
			buildActionMask = 2147483647;
			files = (
				296B09E12525D2440079DD3B /* SwiftUI.framework in Frameworks */,
				296B09DF2525D2440079DD3B /* WidgetKit.framework in Frameworks */,
			);
			runOnlyForDeploymentPostprocessing = 0;
		};
/* End PBXFrameworksBuildPhase section */

/* Begin PBXGroup section */
		296B09B92525D0C00079DD3B = {
			isa = PBXGroup;
			children = (
				297FFA9E2529D2F80022A0B0 /* DataBaseFramework.framework */,
				296B0A062525DB380079DD3B /* ReminderWidgetExtension.entitlements */,
				296B09C42525D0C00079DD3B /* Reminder */,
				296B09E22525D2440079DD3B /* ReminderWidget */,
				296B09DD2525D2440079DD3B /* Frameworks */,
				296B09C32525D0C00079DD3B /* Products */,
			);
			sourceTree = "<group>";
		};
		296B09C32525D0C00079DD3B /* Products */ = {
			isa = PBXGroup;
			children = (
				296B09C22525D0C00079DD3B /* Reminder.app */,
				296B09DC2525D2440079DD3B /* ReminderWidgetExtension.appex */,
			);
			name = Products;
			sourceTree = "<group>";
		};
		296B09C42525D0C00079DD3B /* Reminder */ = {
			isa = PBXGroup;
			children = (
				296B0A042525DB1E0079DD3B /* Reminder.entitlements */,
				296B09C52525D0C00079DD3B /* ReminderApp.swift */,
				297FFA8325297E880022A0B0 /* Model */,
				296B09FB2525D58B0079DD3B /* View */,
				296B09C92525D0C20079DD3B /* Assets.xcassets */,
				296B09CE2525D0C20079DD3B /* Info.plist */,
				296B09CB2525D0C20079DD3B /* Preview Content */,
			);
			path = Reminder;
			sourceTree = "<group>";
		};
		296B09CB2525D0C20079DD3B /* Preview Content */ = {
			isa = PBXGroup;
			children = (
				296B09CC2525D0C20079DD3B /* Preview Assets.xcassets */,
			);
			path = "Preview Content";
			sourceTree = "<group>";
		};
		296B09DD2525D2440079DD3B /* Frameworks */ = {
			isa = PBXGroup;
			children = (
				296B09DE2525D2440079DD3B /* WidgetKit.framework */,
				296B09E02525D2440079DD3B /* SwiftUI.framework */,
			);
			name = Frameworks;
			sourceTree = "<group>";
		};
		296B09E22525D2440079DD3B /* ReminderWidget */ = {
			isa = PBXGroup;
			children = (
				296B09E32525D2440079DD3B /* ReminderWidget.swift */,
				296B09E52525D2460079DD3B /* Assets.xcassets */,
				296B09E72525D2460079DD3B /* Info.plist */,
			);
			path = ReminderWidget;
			sourceTree = "<group>";
		};
		296B09FB2525D58B0079DD3B /* View */ = {
			isa = PBXGroup;
			children = (
				296B09C72525D0C00079DD3B /* ContentView.swift */,
				296B09D52525D1820079DD3B /* AlertShow.swift */,
			);
			path = View;
			sourceTree = "<group>";
		};
		297FFA8325297E880022A0B0 /* Model */ = {
			isa = PBXGroup;
			children = (
				297FFA8025297E830022A0B0 /* DataModel.swift */,
			);
			path = Model;
			sourceTree = "<group>";
		};
/* End PBXGroup section */

/* Begin PBXNativeTarget section */
		296B09C12525D0C00079DD3B /* Reminder */ = {
			isa = PBXNativeTarget;
			buildConfigurationList = 296B09D12525D0C20079DD3B /* Build configuration list for PBXNativeTarget "Reminder" */;
			buildPhases = (
				296B09BE2525D0C00079DD3B /* Sources */,
				296B09BF2525D0C00079DD3B /* Frameworks */,
				296B09C02525D0C00079DD3B /* Resources */,
				296B09EE2525D2460079DD3B /* Embed App Extensions */,
				296B0A022525D7000079DD3B /* Embed Frameworks */,
			);
			buildRules = (
			);
			dependencies = (
				296B09E92525D2460079DD3B /* PBXTargetDependency */,
			);
			name = Reminder;
			productName = Reminder;
			productReference = 296B09C22525D0C00079DD3B /* Reminder.app */;
			productType = "com.apple.product-type.application";
		};
		296B09DB2525D2440079DD3B /* ReminderWidgetExtension */ = {
			isa = PBXNativeTarget;
			buildConfigurationList = 296B09EB2525D2460079DD3B /* Build configuration list for PBXNativeTarget "ReminderWidgetExtension" */;
			buildPhases = (
				296B09D82525D2440079DD3B /* Sources */,
				296B09D92525D2440079DD3B /* Frameworks */,
				296B09DA2525D2440079DD3B /* Resources */,
			);
			buildRules = (
			);
			dependencies = (
			);
			name = ReminderWidgetExtension;
			productName = ReminderWidgetExtension;
			productReference = 296B09DC2525D2440079DD3B /* ReminderWidgetExtension.appex */;
			productType = "com.apple.product-type.app-extension";
		};
/* End PBXNativeTarget section */

/* Begin PBXProject section */
		296B09BA2525D0C00079DD3B /* Project object */ = {
			isa = PBXProject;
			attributes = {
				LastSwiftUpdateCheck = 1200;
				LastUpgradeCheck = 1200;
				TargetAttributes = {
					296B09C12525D0C00079DD3B = {
						CreatedOnToolsVersion = 12.0.1;
					};
					296B09DB2525D2440079DD3B = {
						CreatedOnToolsVersion = 12.0.1;
					};
				};
			};
			buildConfigurationList = 296B09BD2525D0C00079DD3B /* Build configuration list for PBXProject "Reminder" */;
			compatibilityVersion = "Xcode 9.3";
			developmentRegion = en;
			hasScannedForEncodings = 0;
			knownRegions = (
				en,
				Base,
			);
			mainGroup = 296B09B92525D0C00079DD3B;
			productRefGroup = 296B09C32525D0C00079DD3B /* Products */;
			projectDirPath = "";
			projectRoot = "";
			targets = (
				296B09C12525D0C00079DD3B /* Reminder */,
				296B09DB2525D2440079DD3B /* ReminderWidgetExtension */,
			);
		};
/* End PBXProject section */

/* Begin PBXResourcesBuildPhase section */
		296B09C02525D0C00079DD3B /* Resources */ = {
			isa = PBXResourcesBuildPhase;
			buildActionMask = 2147483647;
			files = (
				296B09CD2525D0C20079DD3B /* Preview Assets.xcassets in Resources */,
				296B09CA2525D0C20079DD3B /* Assets.xcassets in Resources */,
			);
			runOnlyForDeploymentPostprocessing = 0;
		};
		296B09DA2525D2440079DD3B /* Resources */ = {
			isa = PBXResourcesBuildPhase;
			buildActionMask = 2147483647;
			files = (
				296B09F12525D3570079DD3B /* Assets.xcassets in Resources */,
				296B09E62525D2460079DD3B /* Assets.xcassets in Resources */,
			);
			runOnlyForDeploymentPostprocessing = 0;
		};
/* End PBXResourcesBuildPhase section */

/* Begin PBXSourcesBuildPhase section */
		296B09BE2525D0C00079DD3B /* Sources */ = {
			isa = PBXSourcesBuildPhase;
			buildActionMask = 2147483647;
			files = (
				296B09C82525D0C00079DD3B /* ContentView.swift in Sources */,
				297FFA8125297E830022A0B0 /* DataModel.swift in Sources */,
				296B09D62525D1820079DD3B /* AlertShow.swift in Sources */,
				296B09C62525D0C00079DD3B /* ReminderApp.swift in Sources */,
			);
			runOnlyForDeploymentPostprocessing = 0;
		};
		296B09D82525D2440079DD3B /* Sources */ = {
			isa = PBXSourcesBuildPhase;
			buildActionMask = 2147483647;
			files = (
				296B09E42525D2440079DD3B /* ReminderWidget.swift in Sources */,
				297FFA8525297F320022A0B0 /* DataModel.swift in Sources */,
			);
			runOnlyForDeploymentPostprocessing = 0;
		};
/* End PBXSourcesBuildPhase section */

/* Begin PBXTargetDependency section */
		296B09E92525D2460079DD3B /* PBXTargetDependency */ = {
			isa = PBXTargetDependency;
			target = 296B09DB2525D2440079DD3B /* ReminderWidgetExtension */;
			targetProxy = 296B09E82525D2460079DD3B /* PBXContainerItemProxy */;
		};
/* End PBXTargetDependency section */

/* Begin XCBuildConfiguration section */
		296B09CF2525D0C20079DD3B /* Debug */ = {
			isa = XCBuildConfiguration;
			buildSettings = {
				ALWAYS_SEARCH_USER_PATHS = NO;
				CLANG_ANALYZER_NONNULL = YES;
				CLANG_ANALYZER_NUMBER_OBJECT_CONVERSION = YES_AGGRESSIVE;
				CLANG_CXX_LANGUAGE_STANDARD = "gnu++14";
				CLANG_CXX_LIBRARY = "libc++";
				CLANG_ENABLE_MODULES = YES;
				CLANG_ENABLE_OBJC_ARC = YES;
				CLANG_ENABLE_OBJC_WEAK = YES;
				CLANG_WARN_BLOCK_CAPTURE_AUTORELEASING = YES;
				CLANG_WARN_BOOL_CONVERSION = YES;
				CLANG_WARN_COMMA = YES;
				CLANG_WARN_CONSTANT_CONVERSION = YES;
				CLANG_WARN_DEPRECATED_OBJC_IMPLEMENTATIONS = YES;
				CLANG_WARN_DIRECT_OBJC_ISA_USAGE = YES_ERROR;
				CLANG_WARN_DOCUMENTATION_COMMENTS = YES;
				CLANG_WARN_EMPTY_BODY = YES;
				CLANG_WARN_ENUM_CONVERSION = YES;
				CLANG_WARN_INFINITE_RECURSION = YES;
				CLANG_WARN_INT_CONVERSION = YES;
				CLANG_WARN_NON_LITERAL_NULL_CONVERSION = YES;
				CLANG_WARN_OBJC_IMPLICIT_RETAIN_SELF = YES;
				CLANG_WARN_OBJC_LITERAL_CONVERSION = YES;
				CLANG_WARN_OBJC_ROOT_CLASS = YES_ERROR;
				CLANG_WARN_QUOTED_INCLUDE_IN_FRAMEWORK_HEADER = YES;
				CLANG_WARN_RANGE_LOOP_ANALYSIS = YES;
				CLANG_WARN_STRICT_PROTOTYPES = YES;
				CLANG_WARN_SUSPICIOUS_MOVE = YES;
				CLANG_WARN_UNGUARDED_AVAILABILITY = YES_AGGRESSIVE;
				CLANG_WARN_UNREACHABLE_CODE = YES;
				CLANG_WARN__DUPLICATE_METHOD_MATCH = YES;
				COPY_PHASE_STRIP = NO;
				DEBUG_INFORMATION_FORMAT = dwarf;
				ENABLE_STRICT_OBJC_MSGSEND = YES;
				ENABLE_TESTABILITY = YES;
				GCC_C_LANGUAGE_STANDARD = gnu11;
				GCC_DYNAMIC_NO_PIC = NO;
				GCC_NO_COMMON_BLOCKS = YES;
				GCC_OPTIMIZATION_LEVEL = 0;
				GCC_PREPROCESSOR_DEFINITIONS = (
					"DEBUG=1",
					"$(inherited)",
				);
				GCC_WARN_64_TO_32_BIT_CONVERSION = YES;
				GCC_WARN_ABOUT_RETURN_TYPE = YES_ERROR;
				GCC_WARN_UNDECLARED_SELECTOR = YES;
				GCC_WARN_UNINITIALIZED_AUTOS = YES_AGGRESSIVE;
				GCC_WARN_UNUSED_FUNCTION = YES;
				GCC_WARN_UNUSED_VARIABLE = YES;
				IPHONEOS_DEPLOYMENT_TARGET = 14.0;
				MTL_ENABLE_DEBUG_INFO = INCLUDE_SOURCE;
				MTL_FAST_MATH = YES;
				ONLY_ACTIVE_ARCH = YES;
				SDKROOT = iphoneos;
				SWIFT_ACTIVE_COMPILATION_CONDITIONS = DEBUG;
				SWIFT_OPTIMIZATION_LEVEL = "-Onone";
			};
			name = Debug;
		};
		296B09D02525D0C20079DD3B /* Release */ = {
			isa = XCBuildConfiguration;
			buildSettings = {
				ALWAYS_SEARCH_USER_PATHS = NO;
				CLANG_ANALYZER_NONNULL = YES;
				CLANG_ANALYZER_NUMBER_OBJECT_CONVERSION = YES_AGGRESSIVE;
				CLANG_CXX_LANGUAGE_STANDARD = "gnu++14";
				CLANG_CXX_LIBRARY = "libc++";
				CLANG_ENABLE_MODULES = YES;
				CLANG_ENABLE_OBJC_ARC = YES;
				CLANG_ENABLE_OBJC_WEAK = YES;
				CLANG_WARN_BLOCK_CAPTURE_AUTORELEASING = YES;
				CLANG_WARN_BOOL_CONVERSION = YES;
				CLANG_WARN_COMMA = YES;
				CLANG_WARN_CONSTANT_CONVERSION = YES;
				CLANG_WARN_DEPRECATED_OBJC_IMPLEMENTATIONS = YES;
				CLANG_WARN_DIRECT_OBJC_ISA_USAGE = YES_ERROR;
				CLANG_WARN_DOCUMENTATION_COMMENTS = YES;
				CLANG_WARN_EMPTY_BODY = YES;
				CLANG_WARN_ENUM_CONVERSION = YES;
				CLANG_WARN_INFINITE_RECURSION = YES;
				CLANG_WARN_INT_CONVERSION = YES;
				CLANG_WARN_NON_LITERAL_NULL_CONVERSION = YES;
				CLANG_WARN_OBJC_IMPLICIT_RETAIN_SELF = YES;
				CLANG_WARN_OBJC_LITERAL_CONVERSION = YES;
				CLANG_WARN_OBJC_ROOT_CLASS = YES_ERROR;
				CLANG_WARN_QUOTED_INCLUDE_IN_FRAMEWORK_HEADER = YES;
				CLANG_WARN_RANGE_LOOP_ANALYSIS = YES;
				CLANG_WARN_STRICT_PROTOTYPES = YES;
				CLANG_WARN_SUSPICIOUS_MOVE = YES;
				CLANG_WARN_UNGUARDED_AVAILABILITY = YES_AGGRESSIVE;
				CLANG_WARN_UNREACHABLE_CODE = YES;
				CLANG_WARN__DUPLICATE_METHOD_MATCH = YES;
				COPY_PHASE_STRIP = NO;
				DEBUG_INFORMATION_FORMAT = "dwarf-with-dsym";
				ENABLE_NS_ASSERTIONS = NO;
				ENABLE_STRICT_OBJC_MSGSEND = YES;
				GCC_C_LANGUAGE_STANDARD = gnu11;
				GCC_NO_COMMON_BLOCKS = YES;
				GCC_WARN_64_TO_32_BIT_CONVERSION = YES;
				GCC_WARN_ABOUT_RETURN_TYPE = YES_ERROR;
				GCC_WARN_UNDECLARED_SELECTOR = YES;
				GCC_WARN_UNINITIALIZED_AUTOS = YES_AGGRESSIVE;
				GCC_WARN_UNUSED_FUNCTION = YES;
				GCC_WARN_UNUSED_VARIABLE = YES;
				IPHONEOS_DEPLOYMENT_TARGET = 14.0;
				MTL_ENABLE_DEBUG_INFO = NO;
				MTL_FAST_MATH = YES;
				SDKROOT = iphoneos;
				SWIFT_COMPILATION_MODE = wholemodule;
				SWIFT_OPTIMIZATION_LEVEL = "-O";
				VALIDATE_PRODUCT = YES;
			};
			name = Release;
		};
		296B09D22525D0C20079DD3B /* Debug */ = {
			isa = XCBuildConfiguration;
			buildSettings = {
				ALWAYS_EMBED_SWIFT_STANDARD_LIBRARIES = YES;
				ASSETCATALOG_COMPILER_APPICON_NAME = AppIcon;
				ASSETCATALOG_COMPILER_GLOBAL_ACCENT_COLOR_NAME = AccentColor;
				CODE_SIGN_ENTITLEMENTS = Reminder/Reminder.entitlements;
				CODE_SIGN_STYLE = Automatic;
				DEVELOPMENT_ASSET_PATHS = "\"Reminder/Preview Content\"";
				DEVELOPMENT_TEAM = 9SCM2X78Z3;
				ENABLE_PREVIEWS = YES;
				FRAMEWORK_SEARCH_PATHS = (
					"$(inherited)",
					"$(PROJECT_DIR)",
				);
				INFOPLIST_FILE = Reminder/Info.plist;
				IPHONEOS_DEPLOYMENT_TARGET = 14.0;
				LD_RUNPATH_SEARCH_PATHS = (
					"$(inherited)",
					"@executable_path/Frameworks",
				);
				PRODUCT_BUNDLE_IDENTIFIER = com.Appnap.Reminder;
				PRODUCT_NAME = "$(TARGET_NAME)";
				SWIFT_VERSION = 5.0;
				TARGETED_DEVICE_FAMILY = "1,2";
			};
			name = Debug;
		};
		296B09D32525D0C20079DD3B /* Release */ = {
			isa = XCBuildConfiguration;
			buildSettings = {
				ALWAYS_EMBED_SWIFT_STANDARD_LIBRARIES = YES;
				ASSETCATALOG_COMPILER_APPICON_NAME = AppIcon;
				ASSETCATALOG_COMPILER_GLOBAL_ACCENT_COLOR_NAME = AccentColor;
				CODE_SIGN_ENTITLEMENTS = Reminder/Reminder.entitlements;
				CODE_SIGN_STYLE = Automatic;
				DEVELOPMENT_ASSET_PATHS = "\"Reminder/Preview Content\"";
				DEVELOPMENT_TEAM = 9SCM2X78Z3;
				ENABLE_PREVIEWS = YES;
				FRAMEWORK_SEARCH_PATHS = (
					"$(inherited)",
					"$(PROJECT_DIR)",
				);
				INFOPLIST_FILE = Reminder/Info.plist;
				IPHONEOS_DEPLOYMENT_TARGET = 14.0;
				LD_RUNPATH_SEARCH_PATHS = (
					"$(inherited)",
					"@executable_path/Frameworks",
				);
				PRODUCT_BUNDLE_IDENTIFIER = com.Appnap.Reminder;
				PRODUCT_NAME = "$(TARGET_NAME)";
				SWIFT_VERSION = 5.0;
				TARGETED_DEVICE_FAMILY = "1,2";
			};
			name = Release;
		};
		296B09EC2525D2460079DD3B /* Debug */ = {
			isa = XCBuildConfiguration;
			buildSettings = {
				ASSETCATALOG_COMPILER_GLOBAL_ACCENT_COLOR_NAME = AccentColor;
				ASSETCATALOG_COMPILER_WIDGET_BACKGROUND_COLOR_NAME = WidgetBackground;
				CODE_SIGN_ENTITLEMENTS = ReminderWidgetExtension.entitlements;
				CODE_SIGN_STYLE = Automatic;
				DEVELOPMENT_TEAM = 9SCM2X78Z3;
				FRAMEWORK_SEARCH_PATHS = (
					"$(inherited)",
					"$(PROJECT_DIR)",
				);
				INFOPLIST_FILE = ReminderWidget/Info.plist;
				LD_RUNPATH_SEARCH_PATHS = (
					"$(inherited)",
					"@executable_path/Frameworks",
					"@executable_path/../../Frameworks",
				);
				PRODUCT_BUNDLE_IDENTIFIER = com.Appnap.Reminder.ReminderWidget;
				PRODUCT_NAME = "$(TARGET_NAME)";
				SKIP_INSTALL = YES;
				SWIFT_VERSION = 5.0;
				TARGETED_DEVICE_FAMILY = "1,2";
			};
			name = Debug;
		};
		296B09ED2525D2460079DD3B /* Release */ = {
			isa = XCBuildConfiguration;
			buildSettings = {
				ASSETCATALOG_COMPILER_GLOBAL_ACCENT_COLOR_NAME = AccentColor;
				ASSETCATALOG_COMPILER_WIDGET_BACKGROUND_COLOR_NAME = WidgetBackground;
				CODE_SIGN_ENTITLEMENTS = ReminderWidgetExtension.entitlements;
				CODE_SIGN_STYLE = Automatic;
				DEVELOPMENT_TEAM = 9SCM2X78Z3;
				FRAMEWORK_SEARCH_PATHS = (
					"$(inherited)",
					"$(PROJECT_DIR)",
				);
				INFOPLIST_FILE = ReminderWidget/Info.plist;
				LD_RUNPATH_SEARCH_PATHS = (
					"$(inherited)",
					"@executable_path/Frameworks",
					"@executable_path/../../Frameworks",
				);
				PRODUCT_BUNDLE_IDENTIFIER = com.Appnap.Reminder.ReminderWidget;
				PRODUCT_NAME = "$(TARGET_NAME)";
				SKIP_INSTALL = YES;
				SWIFT_VERSION = 5.0;
				TARGETED_DEVICE_FAMILY = "1,2";
			};
			name = Release;
		};
/* End XCBuildConfiguration section */

/* Begin XCConfigurationList section */
		296B09BD2525D0C00079DD3B /* Build configuration list for PBXProject "Reminder" */ = {
			isa = XCConfigurationList;
			buildConfigurations = (
				296B09CF2525D0C20079DD3B /* Debug */,
				296B09D02525D0C20079DD3B /* Release */,
			);
			defaultConfigurationIsVisible = 0;
			defaultConfigurationName = Release;
		};
		296B09D12525D0C20079DD3B /* Build configuration list for PBXNativeTarget "Reminder" */ = {
			isa = XCConfigurationList;
			buildConfigurations = (
				296B09D22525D0C20079DD3B /* Debug */,
				296B09D32525D0C20079DD3B /* Release */,
			);
			defaultConfigurationIsVisible = 0;
			defaultConfigurationName = Release;
		};
		296B09EB2525D2460079DD3B /* Build configuration list for PBXNativeTarget "ReminderWidgetExtension" */ = {
			isa = XCConfigurationList;
			buildConfigurations = (
				296B09EC2525D2460079DD3B /* Debug */,
				296B09ED2525D2460079DD3B /* Release */,
			);
			defaultConfigurationIsVisible = 0;
			defaultConfigurationName = Release;
		};
/* End XCConfigurationList section */
	};
	rootObject = 296B09BA2525D0C00079DD3B /* Project object */;
}
